
Microsoft Visual Studio Solution File, Format Version 12.00
# Visual Studio Version 17
VisualStudioVersion = 17.3.32825.248
MinimumVisualStudioVersion = 10.0.40219.1
Project("{9A19103F-16F7-4668-BE54-9A1E7A4F7556}") = "CafeBoston.UI", "CafeBoston.UI\CafeBoston.UI.csproj", "{9EE7581E-C47E-4240-941C-690043FA0600}"
EndProject
Project("{9A19103F-16F7-4668-BE54-9A1E7A4F7556}") = "CafeBoston.DATA", "CafeBoston.DATA\CafeBoston.DATA.csproj", "{BC54F70B-10C6-47E5-9441-9176173F49A2}"
EndProject
Project("{2150E333-8FDC-42A3-9474-1A3956D46DE8}") = "Solution Items", "Solution Items", "{E75FEFE2-C659-4B4D-8107-1729FBE10073}"
	ProjectSection(SolutionItems) = preProject
		README.md = README.md
	EndProjectSection
EndProject
Global
	GlobalSection(SolutionConfigurationPlatforms) = preSolution
		Debug|Any CPU = Debug|Any CPU
		Release|Any CPU = Release|Any CPU
	EndGlobalSection
	GlobalSection(ProjectConfigurationPlatforms) = postSolution
		{9EE7581E-C47E-4240-941C-690043FA0600}.Debug|Any CPU.ActiveCfg = Debug|Any CPU
		{9EE7581E-C47E-4240-941C-690043FA0600}.Debug|Any CPU.Build.0 = Debug|Any CPU
		{9EE7581E-C47E-4240-941C-690043FA0600}.Release|Any CPU.ActiveCfg = Release|Any CPU
		{9EE7581E-C47E-4240-941C-690043FA0600}.Release|Any CPU.Build.0 = Release|Any CPU
		{BC54F70B-10C6-47E5-9441-9176173F49A2}.Debug|Any CPU.ActiveCfg = Debug|Any CPU
		{BC54F70B-10C6-47E5-9441-9176173F49A2}.Debug|Any CPU.Build.0 = Debug|Any CPU
		{BC54F70B-10C6-47E5-9441-9176173F49A2}.Release|Any CPU.ActiveCfg = Release|Any CPU
		{BC54F70B-10C6-47E5-9441-9176173F49A2}.Release|Any CPU.Build.0 = Release|Any CPU
	EndGlobalSection
	GlobalSection(SolutionProperties) = preSolution
		HideSolutionNode = FALSE
	EndGlobalSection
	GlobalSection(ExtensibilityGlobals) = postSolution
		SolutionGuid = {E053A2DC-9E76-475F-94B8-C555032307C7}
	EndGlobalSection
EndGlobal
